
Microsoft Visual Studio Solution File, Format Version 12.00
# Visual Studio 14
VisualStudioVersion = 14.0.25123.0
MinimumVisualStudioVersion = 10.0.40219.1
Project("{2150E333-8FDC-42A3-9474-1A3956D46DE8}") = "HalowerHub.JqGrid", "HalowerHub.JqGrid", "{74F77CCE-64D0-45BA-809B-B0DF037D8131}"
EndProject
Project("{FAE04EC0-301F-11D3-BF4B-00C04F79EFBC}") = "HalowerHub.JqGrid", "HalowerHub.JqGrid\HalowerHub.JqGrid.csproj", "{3059FB75-1026-4EC8-A010-D819415C4600}"
EndProject
Project("{FAE04EC0-301F-11D3-BF4B-00C04F79EFBC}") = "JQgridForMvcDemo", "JQgridForMvcDemo\JQgridForMvcDemo.csproj", "{549C4AD0-E3BE-46C8-A76E-101574ECA8D5}"
EndProject
Global
	GlobalSection(SolutionConfigurationPlatforms) = preSolution
		Debug|Any CPU = Debug|Any CPU
		Release|Any CPU = Release|Any CPU
	EndGlobalSection
	GlobalSection(ProjectConfigurationPlatforms) = postSolution
		{3059FB75-1026-4EC8-A010-D819415C4600}.Debug|Any CPU.ActiveCfg = Debug|Any CPU
		{3059FB75-1026-4EC8-A010-D819415C4600}.Debug|Any CPU.Build.0 = Debug|Any CPU
		{3059FB75-1026-4EC8-A010-D819415C4600}.Release|Any CPU.ActiveCfg = Release|Any CPU
		{3059FB75-1026-4EC8-A010-D819415C4600}.Release|Any CPU.Build.0 = Release|Any CPU
		{549C4AD0-E3BE-46C8-A76E-101574ECA8D5}.Debug|Any CPU.ActiveCfg = Debug|Any CPU
		{549C4AD0-E3BE-46C8-A76E-101574ECA8D5}.Debug|Any CPU.Build.0 = Debug|Any CPU
		{549C4AD0-E3BE-46C8-A76E-101574ECA8D5}.Release|Any CPU.ActiveCfg = Release|Any CPU
		{549C4AD0-E3BE-46C8-A76E-101574ECA8D5}.Release|Any CPU.Build.0 = Release|Any CPU
	EndGlobalSection
	GlobalSection(SolutionProperties) = preSolution
		HideSolutionNode = FALSE
	EndGlobalSection
	GlobalSection(NestedProjects) = preSolution
		{3059FB75-1026-4EC8-A010-D819415C4600} = {74F77CCE-64D0-45BA-809B-B0DF037D8131}
	EndGlobalSection
EndGlobal
